
Microsoft Visual Studio Solution File, Format Version 12.00
# Visual Studio Version 16
VisualStudioVersion = 16.0.28729.10
MinimumVisualStudioVersion = 10.0.40219.1
Project("{F184B08F-C81C-45F6-A57F-5ABD9991F28F}") = "Laundry Management SaaS", "Laundry Management SaaS.vbproj", "{416E0FB3-0A4E-4B40-9080-305BE1BE5C38}"
EndProject
Global
	GlobalSection(SolutionConfigurationPlatforms) = preSolution
		Debug|Any CPU = Debug|Any CPU
		Release|Any CPU = Release|Any CPU
	EndGlobalSection
	GlobalSection(ProjectConfigurationPlatforms) = postSolution
		{416E0FB3-0A4E-4B40-9080-305BE1BE5C38}.Debug|Any CPU.ActiveCfg = Debug|Any CPU
		{416E0FB3-0A4E-4B40-9080-305BE1BE5C38}.Debug|Any CPU.Build.0 = Debug|Any CPU
		{416E0FB3-0A4E-4B40-9080-305BE1BE5C38}.Release|Any CPU.ActiveCfg = Release|Any CPU
		{416E0FB3-0A4E-4B40-9080-305BE1BE5C38}.Release|Any CPU.Build.0 = Release|Any CPU
	EndGlobalSection
	GlobalSection(SolutionProperties) = preSolution
		HideSolutionNode = FALSE
	EndGlobalSection
	GlobalSection(ExtensibilityGlobals) = postSolution
		SolutionGuid = {03ED4A84-2C9E-4121-AB48-A28BCD0A13ED}
	EndGlobalSection
EndGlobal
